// !$*UTF8*$!
{
	archiveVersion = 1;
	classes = {
	};
	objectVersion = 56;
	objects = {

/* Begin PBXBuildFile section */
		433B714D2A4C976200CAABAF /* PhotoInfoViewController.swift in Sources */ = {isa = PBXBuildFile; fileRef = 433B714C2A4C976200CAABAF /* PhotoInfoViewController.swift */; };
		433B71502A4C9D1700CAABAF /* Photorama.xcdatamodeld in Sources */ = {isa = PBXBuildFile; fileRef = 433B714E2A4C9D1700CAABAF /* Photorama.xcdatamodeld */; };
		433B71532A4CA13A00CAABAF /* Photo+CoreDataClass.swift in Sources */ = {isa = PBXBuildFile; fileRef = 433B71512A4CA13A00CAABAF /* Photo+CoreDataClass.swift */; };
		433B71562A4CB78300CAABAF /* Photo+CoreDataProperties.swift in Sources */ = {isa = PBXBuildFile; fileRef = 433B71552A4CB78300CAABAF /* Photo+CoreDataProperties.swift */; };
		433B71582A4CBA9000CAABAF /* TagsViewController.swift in Sources */ = {isa = PBXBuildFile; fileRef = 433B71572A4CBA9000CAABAF /* TagsViewController.swift */; };
		433B715A2A4CBBD300CAABAF /* TagDataStore.swift in Sources */ = {isa = PBXBuildFile; fileRef = 433B71592A4CBBD300CAABAF /* TagDataStore.swift */; };
		434162122A4A1F8000BAAB4A /* AppDelegate.swift in Sources */ = {isa = PBXBuildFile; fileRef = 434162112A4A1F8000BAAB4A /* AppDelegate.swift */; };
		434162142A4A1F8000BAAB4A /* SceneDelegate.swift in Sources */ = {isa = PBXBuildFile; fileRef = 434162132A4A1F8000BAAB4A /* SceneDelegate.swift */; };
		434162192A4A1F8000BAAB4A /* Main.storyboard in Resources */ = {isa = PBXBuildFile; fileRef = 434162172A4A1F8000BAAB4A /* Main.storyboard */; };
		4341621B2A4A1F8200BAAB4A /* Assets.xcassets in Resources */ = {isa = PBXBuildFile; fileRef = 4341621A2A4A1F8200BAAB4A /* Assets.xcassets */; };
		4341621E2A4A1F8200BAAB4A /* LaunchScreen.storyboard in Resources */ = {isa = PBXBuildFile; fileRef = 4341621C2A4A1F8200BAAB4A /* LaunchScreen.storyboard */; };
		434162262A4A1FF100BAAB4A /* PhotosViewController.swift in Sources */ = {isa = PBXBuildFile; fileRef = 434162252A4A1FF100BAAB4A /* PhotosViewController.swift */; };
		434162282A4A223300BAAB4A /* FlickrAPI.swift in Sources */ = {isa = PBXBuildFile; fileRef = 434162272A4A223300BAAB4A /* FlickrAPI.swift */; };
		4341622A2A4A28A500BAAB4A /* PhotoStore.swift in Sources */ = {isa = PBXBuildFile; fileRef = 434162292A4A28A500BAAB4A /* PhotoStore.swift */; };
		434162302A4A2E4B00BAAB4A /* InfoFile.swift in Sources */ = {isa = PBXBuildFile; fileRef = 4341622F2A4A2E4B00BAAB4A /* InfoFile.swift */; };
		434162322A4A2EE900BAAB4A /* .gitignore in Resources */ = {isa = PBXBuildFile; fileRef = 434162312A4A2EE900BAAB4A /* .gitignore */; };
		43A8F2D62A4B577C00FCCF12 /* PhotoDataSource.swift in Sources */ = {isa = PBXBuildFile; fileRef = 43A8F2D52A4B577C00FCCF12 /* PhotoDataSource.swift */; };
		43A8F2D82A4B675700FCCF12 /* PhotoCollectionViewCell.swift in Sources */ = {isa = PBXBuildFile; fileRef = 43A8F2D72A4B675700FCCF12 /* PhotoCollectionViewCell.swift */; };
		43A8F2DC2A4B730100FCCF12 /* ImageStore.swift in Sources */ = {isa = PBXBuildFile; fileRef = 43A8F2DB2A4B730100FCCF12 /* ImageStore.swift */; };
/* End PBXBuildFile section */

/* Begin PBXFileReference section */
		433B714C2A4C976200CAABAF /* PhotoInfoViewController.swift */ = {isa = PBXFileReference; lastKnownFileType = sourcecode.swift; path = PhotoInfoViewController.swift; sourceTree = "<group>"; };
		433B714F2A4C9D1700CAABAF /* Photorama.xcdatamodel */ = {isa = PBXFileReference; lastKnownFileType = wrapper.xcdatamodel; path = Photorama.xcdatamodel; sourceTree = "<group>"; };
		433B71512A4CA13A00CAABAF /* Photo+CoreDataClass.swift */ = {isa = PBXFileReference; lastKnownFileType = sourcecode.swift; path = "Photo+CoreDataClass.swift"; sourceTree = "<group>"; };
		433B71552A4CB78300CAABAF /* Photo+CoreDataProperties.swift */ = {isa = PBXFileReference; lastKnownFileType = sourcecode.swift; path = "Photo+CoreDataProperties.swift"; sourceTree = "<group>"; };
		433B71572A4CBA9000CAABAF /* TagsViewController.swift */ = {isa = PBXFileReference; lastKnownFileType = sourcecode.swift; path = TagsViewController.swift; sourceTree = "<group>"; };
		433B71592A4CBBD300CAABAF /* TagDataStore.swift */ = {isa = PBXFileReference; lastKnownFileType = sourcecode.swift; path = TagDataStore.swift; sourceTree = "<group>"; };
		4341620E2A4A1F8000BAAB4A /* Photorama.app */ = {isa = PBXFileReference; explicitFileType = wrapper.application; includeInIndex = 0; path = Photorama.app; sourceTree = BUILT_PRODUCTS_DIR; };
		434162112A4A1F8000BAAB4A /* AppDelegate.swift */ = {isa = PBXFileReference; lastKnownFileType = sourcecode.swift; path = AppDelegate.swift; sourceTree = "<group>"; };
		434162132A4A1F8000BAAB4A /* SceneDelegate.swift */ = {isa = PBXFileReference; lastKnownFileType = sourcecode.swift; path = SceneDelegate.swift; sourceTree = "<group>"; };
		434162182A4A1F8000BAAB4A /* Base */ = {isa = PBXFileReference; lastKnownFileType = file.storyboard; name = Base; path = Base.lproj/Main.storyboard; sourceTree = "<group>"; };
		4341621A2A4A1F8200BAAB4A /* Assets.xcassets */ = {isa = PBXFileReference; lastKnownFileType = folder.assetcatalog; path = Assets.xcassets; sourceTree = "<group>"; };
		4341621D2A4A1F8200BAAB4A /* Base */ = {isa = PBXFileReference; lastKnownFileType = file.storyboard; name = Base; path = Base.lproj/LaunchScreen.storyboard; sourceTree = "<group>"; };
		4341621F2A4A1F8200BAAB4A /* Info.plist */ = {isa = PBXFileReference; lastKnownFileType = text.plist.xml; path = Info.plist; sourceTree = "<group>"; };
		434162252A4A1FF100BAAB4A /* PhotosViewController.swift */ = {isa = PBXFileReference; lastKnownFileType = sourcecode.swift; path = PhotosViewController.swift; sourceTree = "<group>"; };
		434162272A4A223300BAAB4A /* FlickrAPI.swift */ = {isa = PBXFileReference; lastKnownFileType = sourcecode.swift; path = FlickrAPI.swift; sourceTree = "<group>"; };
		434162292A4A28A500BAAB4A /* PhotoStore.swift */ = {isa = PBXFileReference; lastKnownFileType = sourcecode.swift; path = PhotoStore.swift; sourceTree = "<group>"; };
		4341622F2A4A2E4B00BAAB4A /* InfoFile.swift */ = {isa = PBXFileReference; lastKnownFileType = sourcecode.swift; path = InfoFile.swift; sourceTree = "<group>"; };
		434162312A4A2EE900BAAB4A /* .gitignore */ = {isa = PBXFileReference; lastKnownFileType = text; path = .gitignore; sourceTree = "<group>"; };
		43A8F2D52A4B577C00FCCF12 /* PhotoDataSource.swift */ = {isa = PBXFileReference; lastKnownFileType = sourcecode.swift; path = PhotoDataSource.swift; sourceTree = "<group>"; };
		43A8F2D72A4B675700FCCF12 /* PhotoCollectionViewCell.swift */ = {isa = PBXFileReference; lastKnownFileType = sourcecode.swift; path = PhotoCollectionViewCell.swift; sourceTree = "<group>"; };
		43A8F2DB2A4B730100FCCF12 /* ImageStore.swift */ = {isa = PBXFileReference; fileEncoding = 4; lastKnownFileType = sourcecode.swift; path = ImageStore.swift; sourceTree = "<group>"; };
/* End PBXFileReference section */

/* Begin PBXFrameworksBuildPhase section */
		4341620B2A4A1F8000BAAB4A /* Frameworks */ = {
			isa = PBXFrameworksBuildPhase;
			buildActionMask = 2147483647;
			files = (
			);
			runOnlyForDeploymentPostprocessing = 0;
		};
/* End PBXFrameworksBuildPhase section */

/* Begin PBXGroup section */
		434162052A4A1F8000BAAB4A = {
			isa = PBXGroup;
			children = (
				433B71552A4CB78300CAABAF /* Photo+CoreDataProperties.swift */,
				433B71512A4CA13A00CAABAF /* Photo+CoreDataClass.swift */,
				434162102A4A1F8000BAAB4A /* Photorama */,
				4341620F2A4A1F8000BAAB4A /* Products */,
			);
			sourceTree = "<group>";
		};
		4341620F2A4A1F8000BAAB4A /* Products */ = {
			isa = PBXGroup;
			children = (
				4341620E2A4A1F8000BAAB4A /* Photorama.app */,
			);
			name = Products;
			sourceTree = "<group>";
		};
		434162102A4A1F8000BAAB4A /* Photorama */ = {
			isa = PBXGroup;
			children = (
				434162112A4A1F8000BAAB4A /* AppDelegate.swift */,
				434162132A4A1F8000BAAB4A /* SceneDelegate.swift */,
				434162172A4A1F8000BAAB4A /* Main.storyboard */,
				433B71572A4CBA9000CAABAF /* TagsViewController.swift */,
				433B71592A4CBBD300CAABAF /* TagDataStore.swift */,
				43A8F2D52A4B577C00FCCF12 /* PhotoDataSource.swift */,
				43A8F2D72A4B675700FCCF12 /* PhotoCollectionViewCell.swift */,
				434162272A4A223300BAAB4A /* FlickrAPI.swift */,
				434162312A4A2EE900BAAB4A /* .gitignore */,
				434162292A4A28A500BAAB4A /* PhotoStore.swift */,
				433B714C2A4C976200CAABAF /* PhotoInfoViewController.swift */,
				4341622F2A4A2E4B00BAAB4A /* InfoFile.swift */,
				434162252A4A1FF100BAAB4A /* PhotosViewController.swift */,
				433B714E2A4C9D1700CAABAF /* Photorama.xcdatamodeld */,
				4341621A2A4A1F8200BAAB4A /* Assets.xcassets */,
				4341621C2A4A1F8200BAAB4A /* LaunchScreen.storyboard */,
				4341621F2A4A1F8200BAAB4A /* Info.plist */,
				43A8F2DB2A4B730100FCCF12 /* ImageStore.swift */,
			);
			path = Photorama;
			sourceTree = "<group>";
		};
/* End PBXGroup section */

/* Begin PBXNativeTarget section */
		4341620D2A4A1F8000BAAB4A /* Photorama */ = {
			isa = PBXNativeTarget;
			buildConfigurationList = 434162222A4A1F8200BAAB4A /* Build configuration list for PBXNativeTarget "Photorama" */;
			buildPhases = (
				4341620A2A4A1F8000BAAB4A /* Sources */,
				4341620B2A4A1F8000BAAB4A /* Frameworks */,
				4341620C2A4A1F8000BAAB4A /* Resources */,
			);
			buildRules = (
			);
			dependencies = (
			);
			name = Photorama;
			productName = Photorama;
			productReference = 4341620E2A4A1F8000BAAB4A /* Photorama.app */;
			productType = "com.apple.product-type.application";
		};
/* End PBXNativeTarget section */

/* Begin PBXProject section */
		434162062A4A1F8000BAAB4A /* Project object */ = {
			isa = PBXProject;
			attributes = {
				BuildIndependentTargetsInParallel = 1;
				LastSwiftUpdateCheck = 1430;
				LastUpgradeCheck = 1430;
				TargetAttributes = {
					4341620D2A4A1F8000BAAB4A = {
						CreatedOnToolsVersion = 14.3.1;
					};
				};
			};
			buildConfigurationList = 434162092A4A1F8000BAAB4A /* Build configuration list for PBXProject "Photorama" */;
			compatibilityVersion = "Xcode 14.0";
			developmentRegion = en;
			hasScannedForEncodings = 0;
			knownRegions = (
				en,
				Base,
			);
			mainGroup = 434162052A4A1F8000BAAB4A;
			productRefGroup = 4341620F2A4A1F8000BAAB4A /* Products */;
			projectDirPath = "";
			projectRoot = "";
			targets = (
				4341620D2A4A1F8000BAAB4A /* Photorama */,
			);
		};
/* End PBXProject section */

/* Begin PBXResourcesBuildPhase section */
		4341620C2A4A1F8000BAAB4A /* Resources */ = {
			isa = PBXResourcesBuildPhase;
			buildActionMask = 2147483647;
			files = (
				434162322A4A2EE900BAAB4A /* .gitignore in Resources */,
				4341621E2A4A1F8200BAAB4A /* LaunchScreen.storyboard in Resources */,
				4341621B2A4A1F8200BAAB4A /* Assets.xcassets in Resources */,
				434162192A4A1F8000BAAB4A /* Main.storyboard in Resources */,
			);
			runOnlyForDeploymentPostprocessing = 0;
		};
/* End PBXResourcesBuildPhase section */

/* Begin PBXSourcesBuildPhase section */
		4341620A2A4A1F8000BAAB4A /* Sources */ = {
			isa = PBXSourcesBuildPhase;
			buildActionMask = 2147483647;
			files = (
				434162302A4A2E4B00BAAB4A /* InfoFile.swift in Sources */,
				433B71562A4CB78300CAABAF /* Photo+CoreDataProperties.swift in Sources */,
				4341622A2A4A28A500BAAB4A /* PhotoStore.swift in Sources */,
				43A8F2DC2A4B730100FCCF12 /* ImageStore.swift in Sources */,
				434162262A4A1FF100BAAB4A /* PhotosViewController.swift in Sources */,
				433B715A2A4CBBD300CAABAF /* TagDataStore.swift in Sources */,
				433B71502A4C9D1700CAABAF /* Photorama.xcdatamodeld in Sources */,
				434162122A4A1F8000BAAB4A /* AppDelegate.swift in Sources */,
				433B71532A4CA13A00CAABAF /* Photo+CoreDataClass.swift in Sources */,
				43A8F2D82A4B675700FCCF12 /* PhotoCollectionViewCell.swift in Sources */,
				433B714D2A4C976200CAABAF /* PhotoInfoViewController.swift in Sources */,
				43A8F2D62A4B577C00FCCF12 /* PhotoDataSource.swift in Sources */,
				433B71582A4CBA9000CAABAF /* TagsViewController.swift in Sources */,
				434162142A4A1F8000BAAB4A /* SceneDelegate.swift in Sources */,
				434162282A4A223300BAAB4A /* FlickrAPI.swift in Sources */,
			);
			runOnlyForDeploymentPostprocessing = 0;
		};
/* End PBXSourcesBuildPhase section */

/* Begin PBXVariantGroup section */
		434162172A4A1F8000BAAB4A /* Main.storyboard */ = {
			isa = PBXVariantGroup;
			children = (
				434162182A4A1F8000BAAB4A /* Base */,
			);
			name = Main.storyboard;
			sourceTree = "<group>";
		};
		4341621C2A4A1F8200BAAB4A /* LaunchScreen.storyboard */ = {
			isa = PBXVariantGroup;
			children = (
				4341621D2A4A1F8200BAAB4A /* Base */,
			);
			name = LaunchScreen.storyboard;
			sourceTree = "<group>";
		};
/* End PBXVariantGroup section */

/* Begin XCBuildConfiguration section */
		434162202A4A1F8200BAAB4A /* Debug */ = {
			isa = XCBuildConfiguration;
			buildSettings = {
				ALWAYS_SEARCH_USER_PATHS = NO;
				CLANG_ANALYZER_NONNULL = YES;
				CLANG_ANALYZER_NUMBER_OBJECT_CONVERSION = YES_AGGRESSIVE;
				CLANG_CXX_LANGUAGE_STANDARD = "gnu++20";
				CLANG_ENABLE_MODULES = YES;
				CLANG_ENABLE_OBJC_ARC = YES;
				CLANG_ENABLE_OBJC_WEAK = YES;
				CLANG_WARN_BLOCK_CAPTURE_AUTORELEASING = YES;
				CLANG_WARN_BOOL_CONVERSION = YES;
				CLANG_WARN_COMMA = YES;
				CLANG_WARN_CONSTANT_CONVERSION = YES;
				CLANG_WARN_DEPRECATED_OBJC_IMPLEMENTATIONS = YES;
				CLANG_WARN_DIRECT_OBJC_ISA_USAGE = YES_ERROR;
				CLANG_WARN_DOCUMENTATION_COMMENTS = YES;
				CLANG_WARN_EMPTY_BODY = YES;
				CLANG_WARN_ENUM_CONVERSION = YES;
				CLANG_WARN_INFINITE_RECURSION = YES;
				CLANG_WARN_INT_CONVERSION = YES;
				CLANG_WARN_NON_LITERAL_NULL_CONVERSION = YES;
				CLANG_WARN_OBJC_IMPLICIT_RETAIN_SELF = YES;
				CLANG_WARN_OBJC_LITERAL_CONVERSION = YES;
				CLANG_WARN_OBJC_ROOT_CLASS = YES_ERROR;
				CLANG_WARN_QUOTED_INCLUDE_IN_FRAMEWORK_HEADER = YES;
				CLANG_WARN_RANGE_LOOP_ANALYSIS = YES;
				CLANG_WARN_STRICT_PROTOTYPES = YES;
				CLANG_WARN_SUSPICIOUS_MOVE = YES;
				CLANG_WARN_UNGUARDED_AVAILABILITY = YES_AGGRESSIVE;
				CLANG_WARN_UNREACHABLE_CODE = YES;
				CLANG_WARN__DUPLICATE_METHOD_MATCH = YES;
				COPY_PHASE_STRIP = NO;
				DEBUG_INFORMATION_FORMAT = dwarf;
				ENABLE_STRICT_OBJC_MSGSEND = YES;
				ENABLE_TESTABILITY = YES;
				GCC_C_LANGUAGE_STANDARD = gnu11;
				GCC_DYNAMIC_NO_PIC = NO;
				GCC_NO_COMMON_BLOCKS = YES;
				GCC_OPTIMIZATION_LEVEL = 0;
				GCC_PREPROCESSOR_DEFINITIONS = (
					"DEBUG=1",
					"$(inherited)",
				);
				GCC_WARN_64_TO_32_BIT_CONVERSION = YES;
				GCC_WARN_ABOUT_RETURN_TYPE = YES_ERROR;
				GCC_WARN_UNDECLARED_SELECTOR = YES;
				GCC_WARN_UNINITIALIZED_AUTOS = YES_AGGRESSIVE;
				GCC_WARN_UNUSED_FUNCTION = YES;
				GCC_WARN_UNUSED_VARIABLE = YES;
				IPHONEOS_DEPLOYMENT_TARGET = 16.4;
				MTL_ENABLE_DEBUG_INFO = INCLUDE_SOURCE;
				MTL_FAST_MATH = YES;
				ONLY_ACTIVE_ARCH = YES;
				SDKROOT = iphoneos;
				SWIFT_ACTIVE_COMPILATION_CONDITIONS = DEBUG;
				SWIFT_OPTIMIZATION_LEVEL = "-Onone";
			};
			name = Debug;
		};
		434162212A4A1F8200BAAB4A /* Release */ = {
			isa = XCBuildConfiguration;
			buildSettings = {
				ALWAYS_SEARCH_USER_PATHS = NO;
				CLANG_ANALYZER_NONNULL = YES;
				CLANG_ANALYZER_NUMBER_OBJECT_CONVERSION = YES_AGGRESSIVE;
				CLANG_CXX_LANGUAGE_STANDARD = "gnu++20";
				CLANG_ENABLE_MODULES = YES;
				CLANG_ENABLE_OBJC_ARC = YES;
				CLANG_ENABLE_OBJC_WEAK = YES;
				CLANG_WARN_BLOCK_CAPTURE_AUTORELEASING = YES;
				CLANG_WARN_BOOL_CONVERSION = YES;
				CLANG_WARN_COMMA = YES;
				CLANG_WARN_CONSTANT_CONVERSION = YES;
				CLANG_WARN_DEPRECATED_OBJC_IMPLEMENTATIONS = YES;
				CLANG_WARN_DIRECT_OBJC_ISA_USAGE = YES_ERROR;
				CLANG_WARN_DOCUMENTATION_COMMENTS = YES;
				CLANG_WARN_EMPTY_BODY = YES;
				CLANG_WARN_ENUM_CONVERSION = YES;
				CLANG_WARN_INFINITE_RECURSION = YES;
				CLANG_WARN_INT_CONVERSION = YES;
				CLANG_WARN_NON_LITERAL_NULL_CONVERSION = YES;
				CLANG_WARN_OBJC_IMPLICIT_RETAIN_SELF = YES;
				CLANG_WARN_OBJC_LITERAL_CONVERSION = YES;
				CLANG_WARN_OBJC_ROOT_CLASS = YES_ERROR;
				CLANG_WARN_QUOTED_INCLUDE_IN_FRAMEWORK_HEADER = YES;
				CLANG_WARN_RANGE_LOOP_ANALYSIS = YES;
				CLANG_WARN_STRICT_PROTOTYPES = YES;
				CLANG_WARN_SUSPICIOUS_MOVE = YES;
				CLANG_WARN_UNGUARDED_AVAILABILITY = YES_AGGRESSIVE;
				CLANG_WARN_UNREACHABLE_CODE = YES;
				CLANG_WARN__DUPLICATE_METHOD_MATCH = YES;
				COPY_PHASE_STRIP = NO;
				DEBUG_INFORMATION_FORMAT = "dwarf-with-dsym";
				ENABLE_NS_ASSERTIONS = NO;
				ENABLE_STRICT_OBJC_MSGSEND = YES;
				GCC_C_LANGUAGE_STANDARD = gnu11;
				GCC_NO_COMMON_BLOCKS = YES;
				GCC_WARN_64_TO_32_BIT_CONVERSION = YES;
				GCC_WARN_ABOUT_RETURN_TYPE = YES_ERROR;
				GCC_WARN_UNDECLARED_SELECTOR = YES;
				GCC_WARN_UNINITIALIZED_AUTOS = YES_AGGRESSIVE;
				GCC_WARN_UNUSED_FUNCTION = YES;
				GCC_WARN_UNUSED_VARIABLE = YES;
				IPHONEOS_DEPLOYMENT_TARGET = 16.4;
				MTL_ENABLE_DEBUG_INFO = NO;
				MTL_FAST_MATH = YES;
				SDKROOT = iphoneos;
				SWIFT_COMPILATION_MODE = wholemodule;
				SWIFT_OPTIMIZATION_LEVEL = "-O";
				VALIDATE_PRODUCT = YES;
			};
			name = Release;
		};
		434162232A4A1F8200BAAB4A /* Debug */ = {
			isa = XCBuildConfiguration;
			buildSettings = {
				ASSETCATALOG_COMPILER_APPICON_NAME = AppIcon;
				ASSETCATALOG_COMPILER_GLOBAL_ACCENT_COLOR_NAME = AccentColor;
				CODE_SIGN_STYLE = Automatic;
				CURRENT_PROJECT_VERSION = 1;
				GENERATE_INFOPLIST_FILE = YES;
				INFOPLIST_FILE = Photorama/Info.plist;
				INFOPLIST_KEY_LSApplicationCategoryType = "public.app-category.photography";
				INFOPLIST_KEY_UIApplicationSupportsIndirectInputEvents = YES;
				INFOPLIST_KEY_UILaunchStoryboardName = LaunchScreen;
				INFOPLIST_KEY_UIMainStoryboardFile = Main;
				INFOPLIST_KEY_UISupportedInterfaceOrientations = UIInterfaceOrientationPortrait;
				IPHONEOS_DEPLOYMENT_TARGET = 16.0;
				LD_RUNPATH_SEARCH_PATHS = (
					"$(inherited)",
					"@executable_path/Frameworks",
				);
				MARKETING_VERSION = 1.0;
				PRODUCT_BUNDLE_IDENTIFIER = com.example.Photorama;
				PRODUCT_NAME = "$(TARGET_NAME)";
				SWIFT_EMIT_LOC_STRINGS = YES;
				SWIFT_VERSION = 5.0;
				TARGETED_DEVICE_FAMILY = "1,2";
			};
			name = Debug;
		};
		434162242A4A1F8200BAAB4A /* Release */ = {
			isa = XCBuildConfiguration;
			buildSettings = {
				ASSETCATALOG_COMPILER_APPICON_NAME = AppIcon;
				ASSETCATALOG_COMPILER_GLOBAL_ACCENT_COLOR_NAME = AccentColor;
				CODE_SIGN_STYLE = Automatic;
				CURRENT_PROJECT_VERSION = 1;
				GENERATE_INFOPLIST_FILE = YES;
				INFOPLIST_FILE = Photorama/Info.plist;
				INFOPLIST_KEY_LSApplicationCategoryType = "public.app-category.photography";
				INFOPLIST_KEY_UIApplicationSupportsIndirectInputEvents = YES;
				INFOPLIST_KEY_UILaunchStoryboardName = LaunchScreen;
				INFOPLIST_KEY_UIMainStoryboardFile = Main;
				INFOPLIST_KEY_UISupportedInterfaceOrientations = UIInterfaceOrientationPortrait;
				IPHONEOS_DEPLOYMENT_TARGET = 16.0;
				LD_RUNPATH_SEARCH_PATHS = (
					"$(inherited)",
					"@executable_path/Frameworks",
				);
				MARKETING_VERSION = 1.0;
				PRODUCT_BUNDLE_IDENTIFIER = com.example.Photorama;
				PRODUCT_NAME = "$(TARGET_NAME)";
				SWIFT_EMIT_LOC_STRINGS = YES;
				SWIFT_VERSION = 5.0;
				TARGETED_DEVICE_FAMILY = "1,2";
			};
			name = Release;
		};
/* End XCBuildConfiguration section */

/* Begin XCConfigurationList section */
		434162092A4A1F8000BAAB4A /* Build configuration list for PBXProject "Photorama" */ = {
			isa = XCConfigurationList;
			buildConfigurations = (
				434162202A4A1F8200BAAB4A /* Debug */,
				434162212A4A1F8200BAAB4A /* Release */,
			);
			defaultConfigurationIsVisible = 0;
			defaultConfigurationName = Release;
		};
		434162222A4A1F8200BAAB4A /* Build configuration list for PBXNativeTarget "Photorama" */ = {
			isa = XCConfigurationList;
			buildConfigurations = (
				434162232A4A1F8200BAAB4A /* Debug */,
				434162242A4A1F8200BAAB4A /* Release */,
			);
			defaultConfigurationIsVisible = 0;
			defaultConfigurationName = Release;
		};
/* End XCConfigurationList section */

/* Begin XCVersionGroup section */
		433B714E2A4C9D1700CAABAF /* Photorama.xcdatamodeld */ = {
			isa = XCVersionGroup;
			children = (
				433B714F2A4C9D1700CAABAF /* Photorama.xcdatamodel */,
			);
			currentVersion = 433B714F2A4C9D1700CAABAF /* Photorama.xcdatamodel */;
			path = Photorama.xcdatamodeld;
			sourceTree = "<group>";
			versionGroupType = wrapper.xcdatamodel;
		};
/* End XCVersionGroup section */
	};
	rootObject = 434162062A4A1F8000BAAB4A /* Project object */;
}
